NeoBundleLock ctrlp.vim ebc568c3992d9002d1d35b85737dfa0d9ce70d9f
NeoBundleLock neobundle.vim 1306c131ff0a6cc094b7ff0727350e442b5427f1
NeoBundleLock neosnippet-snippets ec928a971f32150119f0ab73d289ea82e2740ae0
NeoBundleLock neosnippet.vim 70700ddef65f8f0639b336d04a0d2dbdc4eb0830
NeoBundleLock open-browser.vim de4eeb085051e9b56dd5574eba7c7e72feb21246
NeoBundleLock unite.vim e68ccde4192b3faa3717897e65dc7dd8ab87524a
NeoBundleLock vim-colorschemes eab315701f4627967fd62582eefc4e37a3745786
NeoBundleLock vim-fugitive a9100fafb8c6deb187ee1cfaa37a4a02018d6c9a
NeoBundleLock vim-unite-issue 5fe455b25e05e72e0713c04840876fe4d14bc039
NeoBundleLock vimshell 3787e52766812d8b99a93ccdda57517bc2a0bab6
NeoBundleLock webapi-vim 252250381a9509257bfb06b9f95441e41e3e23b5
